PODS:
  - Flutter (1.0.0)
  - integration_test (0.0.1):
    - Flutter
  - is_tv_ffi (0.0.1):
    - Flutter

DEPENDENCIES:
  - Flutter (from `Flutter`)
  - integration_test (from `.symlinks/plugins/integration_test/ios`)
  - is_tv_ffi (from `.symlinks/plugins/is_tv_ffi/ios`)

EXTERNAL SOURCES:
  Flutter:
    :path: Flutter
  integration_test:
    :path: ".symlinks/plugins/integration_test/ios"
  is_tv_ffi:
    :path: ".symlinks/plugins/is_tv_ffi/ios"

SPEC CHECKSUMS:
  Flutter: cabc95a1d2626b1b06e7179b784ebcf0c0cde467
  integration_test: 252f60fa39af5e17c3aa9899d35d908a0721b573
  is_tv_ffi: 7f83777f2763a16242206c6c9f06685e9aa7c5b7

PODFILE CHECKSUM: 3c63482e143d1b91d2d2560aee9fb04ecc74ac7e

COCOAPODS: 1.15.0
