PODS:
  - Flutter (1.0.0)
  - is_tv_ffi (0.7.0):
    - Flutter

DEPENDENCIES:
  - Flutter (from `Flutter`)
  - is_tv_ffi (from `.symlinks/plugins/is_tv_ffi/ios`)

EXTERNAL SOURCES:
  Flutter:
    :path: Flutter
  is_tv_ffi:
    :path: ".symlinks/plugins/is_tv_ffi/ios"

SPEC CHECKSUMS:
  Flutter: cabc95a1d2626b1b06e7179b784ebcf0c0cde467
  is_tv_ffi: c2f606fccdd54be02506de3c5535541ef1b2f0dc

PODFILE CHECKSUM: 3c63482e143d1b91d2d2560aee9fb04ecc74ac7e

COCOAPODS: 1.17.0
