PODS:
  - FlutterMacOS (1.0.0)
  - is_tv_ffi (0.7.0):
    - FlutterMacOS

DEPENDENCIES:
  - FlutterMacOS (from `Flutter/ephemeral`)
  - is_tv_ffi (from `Flutter/ephemeral/.symlinks/plugins/is_tv_ffi/macos`)

EXTERNAL SOURCES:
  FlutterMacOS:
    :path: Flutter/ephemeral
  is_tv_ffi:
    :path: Flutter/ephemeral/.symlinks/plugins/is_tv_ffi/macos

SPEC CHECKSUMS:
  FlutterMacOS: d0db08ddef1a9af05a5ec4b724367152bb0500b1
  is_tv_ffi: bef8d84dc7158e84178823d398cd9bed7dfe5878

PODFILE CHECKSUM: 54d867c82ac51cbd61b565781b9fada492027009

COCOAPODS: 1.17.0
